{
    "_readme": [
        "This file locks the dependencies of your project to a known state",
        "Read more about it at https://getcomposer.org/doc/01-basic-usage.md#installing-dependencies",
        "This file is @generated automatically"
    ],
    "content-hash": "d657ba262ddca8bb3476799d9190822f",
    "packages": [
        {
            "name": "kasfy/framework",
            "version": "dev-master",
            "source": {
                "type": "git",
                "url": "https://github.com/kasfy/kasfy-framework.git",
                "reference": "8a44e95badfe8d5aac71a91fcf648062f8787ed1"
            },
            "dist": {
                "type": "zip",
                "url": "https://api.github.com/repos/kasfy/kasfy-framework/zipball/8a44e95badfe8d5aac71a91fcf648062f8787ed1",
                "reference": "8a44e95badfe8d5aac71a91fcf648062f8787ed1",
                "shasum": ""
            },
            "default-branch": true,
            "type": "library",
            "autoload": {
                "psr-4": {
                    "Universe\\": "src/Universe/",
                    "Universe\\Support\\": [
                        "src/Universe/DB/",
                        "src/Universe/Exception/",
                        "src/Universe/Form/",
                        "src/Universe/Middlewares/"
                    ]
                }
            },
            "notification-url": "https://packagist.org/downloads/",
            "license": [
                "MIT"
            ],
            "authors": [
                {
                    "name": "Katheeskumar S",
                    "email": "katheeskumar@gitleaf.com",
                    "homepage": "https://katheesh.js.org",
                    "role": "Software Engineer"
                }
            ],
            "description": "The Kasfy Framework.",
            "homepage": "https://gitleaf.com",
            "keywords": [
                "cli",
                "framework",
                "gitleaf",
                "php"
            ],
            "support": {
                "issues": "https://github.com/kasfy/kasfy-framework/issues",
                "source": "https://github.com/kasfy/kasfy-framework/tree/master"
            },
            "time": "2021-11-01T16:14:04+00:00"
        }
    ],
    "packages-dev": [],
    "aliases": [],
    "minimum-stability": "stable",
    "stability-flags": {
        "kasfy/framework": 20
    },
    "prefer-stable": false,
    "prefer-lowest": false,
    "platform": [],
    "platform-dev": [],
    "plugin-api-version": "2.1.0"
}
